
Microsoft Visual Studio Solution File, Format Version 12.00
# Visual Studio Version 16
VisualStudioVersion = 16.0.29613.14
MinimumVisualStudioVersion = 10.0.40219.1
Project("{FAE04EC0-301F-11D3-BF4B-00C04F79EFBC}") = "Fishie", "Fishie\Fishie.csproj", "{60ECC903-B704-45D2-8CBB-A714413E077A}"
EndProject
Global
	GlobalSection(SolutionConfigurationPlatforms) = preSolution
		Debug|Any CPU = Debug|Any CPU
		Release|Any CPU = Release|Any CPU
	EndGlobalSection
	GlobalSection(ProjectConfigurationPlatforms) = postSolution
		{60ECC903-B704-45D2-8CBB-A714413E077A}.Debug|Any CPU.ActiveCfg = Debug|Any CPU
		{60ECC903-B704-45D2-8CBB-A714413E077A}.Debug|Any CPU.Build.0 = Debug|Any CPU
		{60ECC903-B704-45D2-8CBB-A714413E077A}.Release|Any CPU.ActiveCfg = Release|Any CPU
		{60ECC903-B704-45D2-8CBB-A714413E077A}.Release|Any CPU.Build.0 = Release|Any CPU
	EndGlobalSection
	GlobalSection(SolutionProperties) = preSolution
		HideSolutionNode = FALSE
	EndGlobalSection
	GlobalSection(ExtensibilityGlobals) = postSolution
		SolutionGuid = {5752B068-5057-42D7-8C04-367CDBB97E3E}
	EndGlobalSection
EndGlobal
